
Microsoft Visual Studio Solution File, Format Version 12.00
# Visual Studio Version 16
VisualStudioVersion = 16.0.30503.244
MinimumVisualStudioVersion = 10.0.40219.1
Project("{FAE04EC0-301F-11D3-BF4B-00C04F79EFBC}") = "Triangle", "Triangle\Triangle.csproj", "{BB30BA10-C93B-4CF3-8579-1EF2D4678ED2}"
EndProject
Project("{FAE04EC0-301F-11D3-BF4B-00C04F79EFBC}") = "TriangleTest", "TriangleTest\TriangleTest.csproj", "{579418A4-2E5A-4A63-BF3A-5069587B63BB}"
EndProject
Global
	GlobalSection(SolutionConfigurationPlatforms) = preSolution
		Debug|Any CPU = Debug|Any CPU
		Release|Any CPU = Release|Any CPU
	EndGlobalSection
	GlobalSection(ProjectConfigurationPlatforms) = postSolution
		{BB30BA10-C93B-4CF3-8579-1EF2D4678ED2}.Debug|Any CPU.ActiveCfg = Debug|Any CPU
		{BB30BA10-C93B-4CF3-8579-1EF2D4678ED2}.Debug|Any CPU.Build.0 = Debug|Any CPU
		{BB30BA10-C93B-4CF3-8579-1EF2D4678ED2}.Release|Any CPU.ActiveCfg = Release|Any CPU
		{BB30BA10-C93B-4CF3-8579-1EF2D4678ED2}.Release|Any CPU.Build.0 = Release|Any CPU
		{579418A4-2E5A-4A63-BF3A-5069587B63BB}.Debug|Any CPU.ActiveCfg = Debug|Any CPU
		{579418A4-2E5A-4A63-BF3A-5069587B63BB}.Debug|Any CPU.Build.0 = Debug|Any CPU
		{579418A4-2E5A-4A63-BF3A-5069587B63BB}.Release|Any CPU.ActiveCfg = Release|Any CPU
		{579418A4-2E5A-4A63-BF3A-5069587B63BB}.Release|Any CPU.Build.0 = Release|Any CPU
	EndGlobalSection
	GlobalSection(SolutionProperties) = preSolution
		HideSolutionNode = FALSE
	EndGlobalSection
	GlobalSection(ExtensibilityGlobals) = postSolution
		SolutionGuid = {86E988E2-97B4-4B8F-BC1D-CF519C048450}
	EndGlobalSection
EndGlobal
